
Microsoft Visual Studio Solution File, Format Version 12.00
# Visual Studio 15
Project("{FAE04EC0-301F-11D3-BF4B-00C04F79EFBC}") = "Assembly-CSharp", "Assembly-CSharp.csproj", "{4265CF59-95C2-2D23-373D-7D6748CB5501}"
EndProject
Global
	GlobalSection(SolutionConfigurationPlatforms) = preSolution
		Debug|Any CPU = Debug|Any CPU
		Release|Any CPU = Release|Any CPU
	EndGlobalSection
	GlobalSection(ProjectConfigurationPlatforms) = postSolution
		{4265CF59-95C2-2D23-373D-7D6748CB5501}.Debug|Any CPU.ActiveCfg = Debug|Any CPU
		{4265CF59-95C2-2D23-373D-7D6748CB5501}.Debug|Any CPU.Build.0 = Debug|Any CPU
		{4265CF59-95C2-2D23-373D-7D6748CB5501}.Release|Any CPU.ActiveCfg = Release|Any CPU
		{4265CF59-95C2-2D23-373D-7D6748CB5501}.Release|Any CPU.Build.0 = Release|Any CPU
	EndGlobalSection
	GlobalSection(SolutionProperties) = preSolution
		HideSolutionNode = FALSE
	EndGlobalSection
EndGlobal
